
Microsoft Visual Studio Solution File, Format Version 12.00
# Visual Studio 15
VisualStudioVersion = 15.0.27703.2018
MinimumVisualStudioVersion = 10.0.40219.1
Project("{FAE04EC0-301F-11D3-BF4B-00C04F79EFBC}") = "Shpora.WordSearcher", "Shpora.WordSearcher\Shpora.WordSearcher.csproj", "{194FF36D-6BC4-45E8-87AE-B309749B28F5}"
EndProject
Project("{FAE04EC0-301F-11D3-BF4B-00C04F79EFBC}") = "APIClient", "APIClient\APIClient.csproj", "{66F931D7-2981-4DD5-84E5-C0AD22F205AB}"
EndProject
Global
	GlobalSection(SolutionConfigurationPlatforms) = preSolution
		Debug|Any CPU = Debug|Any CPU
		Release|Any CPU = Release|Any CPU
	EndGlobalSection
	GlobalSection(ProjectConfigurationPlatforms) = postSolution
		{194FF36D-6BC4-45E8-87AE-B309749B28F5}.Debug|Any CPU.ActiveCfg = Debug|Any CPU
		{194FF36D-6BC4-45E8-87AE-B309749B28F5}.Debug|Any CPU.Build.0 = Debug|Any CPU
		{194FF36D-6BC4-45E8-87AE-B309749B28F5}.Release|Any CPU.ActiveCfg = Release|Any CPU
		{194FF36D-6BC4-45E8-87AE-B309749B28F5}.Release|Any CPU.Build.0 = Release|Any CPU
		{66F931D7-2981-4DD5-84E5-C0AD22F205AB}.Debug|Any CPU.ActiveCfg = Debug|Any CPU
		{66F931D7-2981-4DD5-84E5-C0AD22F205AB}.Debug|Any CPU.Build.0 = Debug|Any CPU
		{66F931D7-2981-4DD5-84E5-C0AD22F205AB}.Release|Any CPU.ActiveCfg = Release|Any CPU
		{66F931D7-2981-4DD5-84E5-C0AD22F205AB}.Release|Any CPU.Build.0 = Release|Any CPU
	EndGlobalSection
	GlobalSection(SolutionProperties) = preSolution
		HideSolutionNode = FALSE
	EndGlobalSection
	GlobalSection(ExtensibilityGlobals) = postSolution
		SolutionGuid = {26EFCD10-BBBB-4756-8AAB-FFEABA34975B}
	EndGlobalSection
EndGlobal
